
Microsoft Visual Studio Solution File, Format Version 12.00
Project("{FAE04EC0-301F-11D3-BF4B-00C04F79EFBC}") = "ConvexHull", "ConvexHull\ConvexHull.csproj", "{D651EF2B-B427-4FE5-AA2B-72A3CF36D36B}"
EndProject
Project("{FAE04EC0-301F-11D3-BF4B-00C04F79EFBC}") = "ConvexHull.Test", "ConvexHull.Test\ConvexHull.Test.csproj", "{AB239953-C691-4F30-B321-A40D4D52B61A}"
EndProject
Project("{FAE04EC0-301F-11D3-BF4B-00C04F79EFBC}") = "ConvexHull.Benchmark", "ConvexHull.Benchmark\ConvexHull.Benchmark.csproj", "{C2C7D835-8961-4BA6-A8D4-91FFDBF770DE}"
EndProject
Global
	GlobalSection(SolutionConfigurationPlatforms) = preSolution
		Debug|Any CPU = Debug|Any CPU
		Release|Any CPU = Release|Any CPU
	EndGlobalSection
	GlobalSection(ProjectConfigurationPlatforms) = postSolution
		{D651EF2B-B427-4FE5-AA2B-72A3CF36D36B}.Debug|Any CPU.ActiveCfg = Debug|Any CPU
		{D651EF2B-B427-4FE5-AA2B-72A3CF36D36B}.Debug|Any CPU.Build.0 = Debug|Any CPU
		{D651EF2B-B427-4FE5-AA2B-72A3CF36D36B}.Release|Any CPU.ActiveCfg = Release|Any CPU
		{D651EF2B-B427-4FE5-AA2B-72A3CF36D36B}.Release|Any CPU.Build.0 = Release|Any CPU
		{AB239953-C691-4F30-B321-A40D4D52B61A}.Debug|Any CPU.ActiveCfg = Debug|Any CPU
		{AB239953-C691-4F30-B321-A40D4D52B61A}.Debug|Any CPU.Build.0 = Debug|Any CPU
		{AB239953-C691-4F30-B321-A40D4D52B61A}.Release|Any CPU.ActiveCfg = Release|Any CPU
		{AB239953-C691-4F30-B321-A40D4D52B61A}.Release|Any CPU.Build.0 = Release|Any CPU
		{C2C7D835-8961-4BA6-A8D4-91FFDBF770DE}.Debug|Any CPU.ActiveCfg = Debug|Any CPU
		{C2C7D835-8961-4BA6-A8D4-91FFDBF770DE}.Debug|Any CPU.Build.0 = Debug|Any CPU
		{C2C7D835-8961-4BA6-A8D4-91FFDBF770DE}.Release|Any CPU.ActiveCfg = Release|Any CPU
		{C2C7D835-8961-4BA6-A8D4-91FFDBF770DE}.Release|Any CPU.Build.0 = Release|Any CPU
	EndGlobalSection
EndGlobal
